// !$*UTF8*$!
{
	archiveVersion = 1;
	classes = {
	};
	objectVersion = 51;
	objects = {

/* Begin PBXBuildFile section */
		6121F8EA26B7462300A1133D /* AppDelegate.swift in Sources */ = {isa = PBXBuildFile; fileRef = 6121F8E926B7462300A1133D /* AppDelegate.swift */; };
		6121F8EC26B7462300A1133D /* SceneDelegate.swift in Sources */ = {isa = PBXBuildFile; fileRef = 6121F8EB26B7462300A1133D /* SceneDelegate.swift */; };
		6121F8F326B7462700A1133D /* Assets.xcassets in Resources */ = {isa = PBXBuildFile; fileRef = 6121F8F226B7462700A1133D /* Assets.xcassets */; };
		6121F8F626B7462700A1133D /* LaunchScreen.storyboard in Resources */ = {isa = PBXBuildFile; fileRef = 6121F8F426B7462700A1133D /* LaunchScreen.storyboard */; };
		6152B94F26B929E50084D41D /* RootViewController.swift in Sources */ = {isa = PBXBuildFile; fileRef = 6152B94D26B929E50084D41D /* RootViewController.swift */; };
		6152B95026B929E50084D41D /* RootViewController.xib in Resources */ = {isa = PBXBuildFile; fileRef = 6152B94E26B929E50084D41D /* RootViewController.xib */; };
		6152B95526B92A060084D41D /* ImagesCollectionViewController.swift in Sources */ = {isa = PBXBuildFile; fileRef = 6152B95126B92A060084D41D /* ImagesCollectionViewController.swift */; };
		6152B95626B92A060084D41D /* ImagesCollectionViewCell.xib in Resources */ = {isa = PBXBuildFile; fileRef = 6152B95226B92A060084D41D /* ImagesCollectionViewCell.xib */; };
		6152B95826B92A060084D41D /* ImagesCollectionViewCell.swift in Sources */ = {isa = PBXBuildFile; fileRef = 6152B95426B92A060084D41D /* ImagesCollectionViewCell.swift */; };
		6152B95A26B92A1B0084D41D /* UISearchBar+SetBackgroundColor.swift in Sources */ = {isa = PBXBuildFile; fileRef = 6152B95926B92A1A0084D41D /* UISearchBar+SetBackgroundColor.swift */; };
		6152B95C26B92A440084D41D /* ImagesSearchBarController.swift in Sources */ = {isa = PBXBuildFile; fileRef = 6152B95B26B92A440084D41D /* ImagesSearchBarController.swift */; };
		6152B96626B92AB70084D41D /* UIColor+hexStringToUIColor.swift in Sources */ = {isa = PBXBuildFile; fileRef = 6152B96426B92AB70084D41D /* UIColor+hexStringToUIColor.swift */; };
		6152B96726B92AB70084D41D /* ThemeColors.swift in Sources */ = {isa = PBXBuildFile; fileRef = 6152B96526B92AB70084D41D /* ThemeColors.swift */; };
		6152B96926B92AC00084D41D /* ImageCache.swift in Sources */ = {isa = PBXBuildFile; fileRef = 6152B96826B92AC00084D41D /* ImageCache.swift */; };
		6152B96D26B92AE20084D41D /* ImageViewController.xib in Resources */ = {isa = PBXBuildFile; fileRef = 6152B96B26B92AE20084D41D /* ImageViewController.xib */; };
		6152B96E26B92AE20084D41D /* ImageViewController.swift in Sources */ = {isa = PBXBuildFile; fileRef = 6152B96C26B92AE20084D41D /* ImageViewController.swift */; };
		6152B97126B92B1B0084D41D /* Image.swift in Sources */ = {isa = PBXBuildFile; fileRef = 6152B97026B92B1B0084D41D /* Image.swift */; };
		6152B97426B92BA10084D41D /* NetworkConstants.swift in Sources */ = {isa = PBXBuildFile; fileRef = 6152B97226B92BA10084D41D /* NetworkConstants.swift */; };
		6152B97526B92BA10084D41D /* RequestManager.swift in Sources */ = {isa = PBXBuildFile; fileRef = 6152B97326B92BA10084D41D /* RequestManager.swift */; };
		61F6030D26BA748E00A643AF /* nasa_log.png in Resources */ = {isa = PBXBuildFile; fileRef = 61F6030C26BA748E00A643AF /* nasa_log.png */; };
		8C0B1CE32E10F58551EF11AF /* Pods_NasaImages.framework in Frameworks */ = {isa = PBXBuildFile; fileRef = AB5A5AD9BABCFA52A6BCADF6 /* Pods_NasaImages.framework */; };
/* End PBXBuildFile section */

/* Begin PBXFileReference section */
		6121F8E626B7462300A1133D /* NasaImages.app */ = {isa = PBXFileReference; explicitFileType = wrapper.application; includeInIndex = 0; path = NasaImages.app; sourceTree = BUILT_PRODUCTS_DIR; };
		6121F8E926B7462300A1133D /* AppDelegate.swift */ = {isa = PBXFileReference; lastKnownFileType = sourcecode.swift; path = AppDelegate.swift; sourceTree = "<group>"; };
		6121F8EB26B7462300A1133D /* SceneDelegate.swift */ = {isa = PBXFileReference; lastKnownFileType = sourcecode.swift; path = SceneDelegate.swift; sourceTree = "<group>"; };
		6121F8F226B7462700A1133D /* Assets.xcassets */ = {isa = PBXFileReference; lastKnownFileType = folder.assetcatalog; path = Assets.xcassets; sourceTree = "<group>"; };
		6121F8F526B7462700A1133D /* Base */ = {isa = PBXFileReference; lastKnownFileType = file.storyboard; name = Base; path = Base.lproj/LaunchScreen.storyboard; sourceTree = "<group>"; };
		6121F8F726B7462700A1133D /* Info.plist */ = {isa = PBXFileReference; lastKnownFileType = text.plist.xml; path = Info.plist; sourceTree = "<group>"; };
		6152B94D26B929E50084D41D /* RootViewController.swift */ = {isa = PBXFileReference; fileEncoding = 4; lastKnownFileType = sourcecode.swift; name = RootViewController.swift; path = NasaImages/RootViewController.swift; sourceTree = SOURCE_ROOT; };
		6152B94E26B929E50084D41D /* RootViewController.xib */ = {isa = PBXFileReference; fileEncoding = 4; lastKnownFileType = file.xib; name = RootViewController.xib; path = NasaImages/RootViewController.xib; sourceTree = SOURCE_ROOT; };
		6152B95126B92A060084D41D /* ImagesCollectionViewController.swift */ = {isa = PBXFileReference; fileEncoding = 4; lastKnownFileType = sourcecode.swift; name = ImagesCollectionViewController.swift; path = NasaImages/source_files/ImagesCollectionViewController.swift; sourceTree = SOURCE_ROOT; };
		6152B95226B92A060084D41D /* ImagesCollectionViewCell.xib */ = {isa = PBXFileReference; fileEncoding = 4; lastKnownFileType = file.xib; name = ImagesCollectionViewCell.xib; path = NasaImages/source_files/ImagesCollectionViewCell.xib; sourceTree = SOURCE_ROOT; };
		6152B95426B92A060084D41D /* ImagesCollectionViewCell.swift */ = {isa = PBXFileReference; fileEncoding = 4; lastKnownFileType = sourcecode.swift; name = ImagesCollectionViewCell.swift; path = NasaImages/source_files/ImagesCollectionViewCell.swift; sourceTree = SOURCE_ROOT; };
		6152B95926B92A1A0084D41D /* UISearchBar+SetBackgroundColor.swift */ = {isa = PBXFileReference; fileEncoding = 4; lastKnownFileType = sourcecode.swift; name = "UISearchBar+SetBackgroundColor.swift"; path = "NasaImages/source_files/UISearchBar+SetBackgroundColor.swift"; sourceTree = SOURCE_ROOT; };
		6152B95B26B92A440084D41D /* ImagesSearchBarController.swift */ = {isa = PBXFileReference; fileEncoding = 4; lastKnownFileType = sourcecode.swift; name = ImagesSearchBarController.swift; path = NasaImages/source_files/ImagesSearchBarController.swift; sourceTree = SOURCE_ROOT; };
		6152B96426B92AB70084D41D /* UIColor+hexStringToUIColor.swift */ = {isa = PBXFileReference; fileEncoding = 4; lastKnownFileType = sourcecode.swift; name = "UIColor+hexStringToUIColor.swift"; path = "NasaImages/source_files/UIColor+hexStringToUIColor.swift"; sourceTree = SOURCE_ROOT; };
		6152B96526B92AB70084D41D /* ThemeColors.swift */ = {isa = PBXFileReference; fileEncoding = 4; lastKnownFileType = sourcecode.swift; name = ThemeColors.swift; path = NasaImages/source_files/ThemeColors.swift; sourceTree = SOURCE_ROOT; };
		6152B96826B92AC00084D41D /* ImageCache.swift */ = {isa = PBXFileReference; fileEncoding = 4; lastKnownFileType = sourcecode.swift; name = ImageCache.swift; path = NasaImages/source_files/ImageCache.swift; sourceTree = SOURCE_ROOT; };
		6152B96B26B92AE20084D41D /* ImageViewController.xib */ = {isa = PBXFileReference; fileEncoding = 4; lastKnownFileType = file.xib; name = ImageViewController.xib; path = NasaImages/source_files/ImageViewController.xib; sourceTree = SOURCE_ROOT; };
		6152B96C26B92AE20084D41D /* ImageViewController.swift */ = {isa = PBXFileReference; fileEncoding = 4; lastKnownFileType = sourcecode.swift; name = ImageViewController.swift; path = NasaImages/source_files/ImageViewController.swift; sourceTree = SOURCE_ROOT; };
		6152B97026B92B1B0084D41D /* Image.swift */ = {isa = PBXFileReference; fileEncoding = 4; lastKnownFileType = sourcecode.swift; name = Image.swift; path = NasaImages/source_files/Image.swift; sourceTree = SOURCE_ROOT; };
		6152B97226B92BA10084D41D /* NetworkConstants.swift */ = {isa = PBXFileReference; fileEncoding = 4; lastKnownFileType = sourcecode.swift; path = NetworkConstants.swift; sourceTree = "<group>"; };
		6152B97326B92BA10084D41D /* RequestManager.swift */ = {isa = PBXFileReference; fileEncoding = 4; lastKnownFileType = sourcecode.swift; path = RequestManager.swift; sourceTree = "<group>"; };
		61F6030C26BA748E00A643AF /* nasa_log.png */ = {isa = PBXFileReference; lastKnownFileType = image.png; path = nasa_log.png; sourceTree = "<group>"; };
		7C3A535FE2E4B26DFB9FD60A /* Pods-NasaImages.release.xcconfig */ = {isa = PBXFileReference; includeInIndex = 1; lastKnownFileType = text.xcconfig; name = "Pods-NasaImages.release.xcconfig"; path = "Target Support Files/Pods-NasaImages/Pods-NasaImages.release.xcconfig"; sourceTree = "<group>"; };
		AB5A5AD9BABCFA52A6BCADF6 /* Pods_NasaImages.framework */ = {isa = PBXFileReference; explicitFileType = wrapper.framework; includeInIndex = 0; path = Pods_NasaImages.framework; sourceTree = BUILT_PRODUCTS_DIR; };
		BF0DB93A08ADBBA629ECFE30 /* Pods-NasaImages.debug.xcconfig */ = {isa = PBXFileReference; includeInIndex = 1; lastKnownFileType = text.xcconfig; name = "Pods-NasaImages.debug.xcconfig"; path = "Target Support Files/Pods-NasaImages/Pods-NasaImages.debug.xcconfig"; sourceTree = "<group>"; };
/* End PBXFileReference section */

/* Begin PBXFrameworksBuildPhase section */
		6121F8E326B7462300A1133D /* Frameworks */ = {
			isa = PBXFrameworksBuildPhase;
			buildActionMask = 2147483647;
			files = (
				8C0B1CE32E10F58551EF11AF /* Pods_NasaImages.framework in Frameworks */,
			);
			runOnlyForDeploymentPostprocessing = 0;
		};
/* End PBXFrameworksBuildPhase section */

/* Begin PBXGroup section */
		6121F8DD26B7462300A1133D = {
			isa = PBXGroup;
			children = (
				6121F8E826B7462300A1133D /* NasaImages */,
				6121F8E726B7462300A1133D /* Products */,
				736A73F63FACB6BEF6E5D978 /* Pods */,
				F4FF6C5593D22F7B35FD999B /* Frameworks */,
			);
			sourceTree = "<group>";
		};
		6121F8E726B7462300A1133D /* Products */ = {
			isa = PBXGroup;
			children = (
				6121F8E626B7462300A1133D /* NasaImages.app */,
			);
			name = Products;
			sourceTree = "<group>";
		};
		6121F8E826B7462300A1133D /* NasaImages */ = {
			isa = PBXGroup;
			children = (
				6121F91526B7507A00A1133D /* supporting_files */,
				6121F91026B74ABE00A1133D /* source_files */,
				6121F8E926B7462300A1133D /* AppDelegate.swift */,
				6121F8EB26B7462300A1133D /* SceneDelegate.swift */,
				6121F8F226B7462700A1133D /* Assets.xcassets */,
				6121F8F426B7462700A1133D /* LaunchScreen.storyboard */,
				6121F8F726B7462700A1133D /* Info.plist */,
			);
			path = NasaImages;
			sourceTree = "<group>";
		};
		6121F91026B74ABE00A1133D /* source_files */ = {
			isa = PBXGroup;
			children = (
				6152B94826B929640084D41D /* Home */,
			);
			path = source_files;
			sourceTree = "<group>";
		};
		6121F91526B7507A00A1133D /* supporting_files */ = {
			isa = PBXGroup;
			children = (
				61F6030C26BA748E00A643AF /* nasa_log.png */,
				6152B96826B92AC00084D41D /* ImageCache.swift */,
				6152B96526B92AB70084D41D /* ThemeColors.swift */,
				6152B96426B92AB70084D41D /* UIColor+hexStringToUIColor.swift */,
				6152B95D26B92A6D0084D41D /* api */,
				6152B96F26B92B030084D41D /* models */,
			);
			path = supporting_files;
			sourceTree = "<group>";
		};
		6152B94826B929640084D41D /* Home */ = {
			isa = PBXGroup;
			children = (
				6152B96A26B92ACD0084D41D /* ImageInfoSubView */,
				6152B94D26B929E50084D41D /* RootViewController.swift */,
				6152B94E26B929E50084D41D /* RootViewController.xib */,
				6152B94A26B929780084D41D /* CollectionView */,
				6152B94926B929700084D41D /* SearchBar */,
			);
			path = Home;
			sourceTree = "<group>";
		};
		6152B94926B929700084D41D /* SearchBar */ = {
			isa = PBXGroup;
			children = (
				6152B95B26B92A440084D41D /* ImagesSearchBarController.swift */,
				6152B95926B92A1A0084D41D /* UISearchBar+SetBackgroundColor.swift */,
			);
			path = SearchBar;
			sourceTree = "<group>";
		};
		6152B94A26B929780084D41D /* CollectionView */ = {
			isa = PBXGroup;
			children = (
				6152B95426B92A060084D41D /* ImagesCollectionViewCell.swift */,
				6152B95226B92A060084D41D /* ImagesCollectionViewCell.xib */,
				6152B95126B92A060084D41D /* ImagesCollectionViewController.swift */,
			);
			path = CollectionView;
			sourceTree = "<group>";
		};
		6152B95D26B92A6D0084D41D /* api */ = {
			isa = PBXGroup;
			children = (
				6152B97226B92BA10084D41D /* NetworkConstants.swift */,
				6152B97326B92BA10084D41D /* RequestManager.swift */,
			);
			path = api;
			sourceTree = "<group>";
		};
		6152B96A26B92ACD0084D41D /* ImageInfoSubView */ = {
			isa = PBXGroup;
			children = (
				6152B96C26B92AE20084D41D /* ImageViewController.swift */,
				6152B96B26B92AE20084D41D /* ImageViewController.xib */,
			);
			path = ImageInfoSubView;
			sourceTree = "<group>";
		};
		6152B96F26B92B030084D41D /* models */ = {
			isa = PBXGroup;
			children = (
				6152B97026B92B1B0084D41D /* Image.swift */,
			);
			path = models;
			sourceTree = "<group>";
		};
		736A73F63FACB6BEF6E5D978 /* Pods */ = {
			isa = PBXGroup;
			children = (
				BF0DB93A08ADBBA629ECFE30 /* Pods-NasaImages.debug.xcconfig */,
				7C3A535FE2E4B26DFB9FD60A /* Pods-NasaImages.release.xcconfig */,
			);
			path = Pods;
			sourceTree = "<group>";
		};
		F4FF6C5593D22F7B35FD999B /* Frameworks */ = {
			isa = PBXGroup;
			children = (
				AB5A5AD9BABCFA52A6BCADF6 /* Pods_NasaImages.framework */,
			);
			name = Frameworks;
			sourceTree = "<group>";
		};
/* End PBXGroup section */

/* Begin PBXNativeTarget section */
		6121F8E526B7462300A1133D /* NasaImages */ = {
			isa = PBXNativeTarget;
			buildConfigurationList = 6121F8FA26B7462700A1133D /* Build configuration list for PBXNativeTarget "NasaImages" */;
			buildPhases = (
				37E0830A125EB61E945BAA72 /* [CP] Check Pods Manifest.lock */,
				6121F8E226B7462300A1133D /* Sources */,
				6121F8E326B7462300A1133D /* Frameworks */,
				6121F8E426B7462300A1133D /* Resources */,
				ED25BA78AE71C8BA19AED356 /* [CP] Embed Pods Frameworks */,
			);
			buildRules = (
			);
			dependencies = (
			);
			name = NasaImages;
			productName = NasaImages;
			productReference = 6121F8E626B7462300A1133D /* NasaImages.app */;
			productType = "com.apple.product-type.application";
		};
/* End PBXNativeTarget section */

/* Begin PBXProject section */
		6121F8DE26B7462300A1133D /* Project object */ = {
			isa = PBXProject;
			attributes = {
				LastSwiftUpdateCheck = 1250;
				LastUpgradeCheck = 1250;
				TargetAttributes = {
					6121F8E526B7462300A1133D = {
						CreatedOnToolsVersion = 12.5;
					};
				};
			};
			buildConfigurationList = 6121F8E126B7462300A1133D /* Build configuration list for PBXProject "NasaImages" */;
			compatibilityVersion = "Xcode 9.3";
			developmentRegion = en;
			hasScannedForEncodings = 0;
			knownRegions = (
				en,
				Base,
			);
			mainGroup = 6121F8DD26B7462300A1133D;
			productRefGroup = 6121F8E726B7462300A1133D /* Products */;
			projectDirPath = "";
			projectRoot = "";
			targets = (
				6121F8E526B7462300A1133D /* NasaImages */,
			);
		};
/* End PBXProject section */

/* Begin PBXResourcesBuildPhase section */
		6121F8E426B7462300A1133D /* Resources */ = {
			isa = PBXResourcesBuildPhase;
			buildActionMask = 2147483647;
			files = (
				6152B96D26B92AE20084D41D /* ImageViewController.xib in Resources */,
				6121F8F626B7462700A1133D /* LaunchScreen.storyboard in Resources */,
				61F6030D26BA748E00A643AF /* nasa_log.png in Resources */,
				6121F8F326B7462700A1133D /* Assets.xcassets in Resources */,
				6152B95626B92A060084D41D /* ImagesCollectionViewCell.xib in Resources */,
				6152B95026B929E50084D41D /* RootViewController.xib in Resources */,
			);
			runOnlyForDeploymentPostprocessing = 0;
		};
/* End PBXResourcesBuildPhase section */

/* Begin PBXShellScriptBuildPhase section */
		37E0830A125EB61E945BAA72 /* [CP] Check Pods Manifest.lock */ = {
			isa = PBXShellScriptBuildPhase;
			buildActionMask = 2147483647;
			files = (
			);
			inputFileListPaths = (
			);
			inputPaths = (
				"${PODS_PODFILE_DIR_PATH}/Podfile.lock",
				"${PODS_ROOT}/Manifest.lock",
			);
			name = "[CP] Check Pods Manifest.lock";
			outputFileListPaths = (
			);
			outputPaths = (
				"$(DERIVED_FILE_DIR)/Pods-NasaImages-checkManifestLockResult.txt",
			);
			runOnlyForDeploymentPostprocessing = 0;
			shellPath = /bin/sh;
			shellScript = "diff \"${PODS_PODFILE_DIR_PATH}/Podfile.lock\" \"${PODS_ROOT}/Manifest.lock\" > /dev/null\nif [ $? != 0 ] ; then\n    # print error to STDERR\n    echo \"error: The sandbox is not in sync with the Podfile.lock. Run 'pod install' or update your CocoaPods installation.\" >&2\n    exit 1\nfi\n# This output is used by Xcode 'outputs' to avoid re-running this script phase.\necho \"SUCCESS\" > \"${SCRIPT_OUTPUT_FILE_0}\"\n";
			showEnvVarsInLog = 0;
		};
		ED25BA78AE71C8BA19AED356 /* [CP] Embed Pods Frameworks */ = {
			isa = PBXShellScriptBuildPhase;
			buildActionMask = 2147483647;
			files = (
			);
			inputFileListPaths = (
				"${PODS_ROOT}/Target Support Files/Pods-NasaImages/Pods-NasaImages-frameworks-${CONFIGURATION}-input-files.xcfilelist",
			);
			name = "[CP] Embed Pods Frameworks";
			outputFileListPaths = (
				"${PODS_ROOT}/Target Support Files/Pods-NasaImages/Pods-NasaImages-frameworks-${CONFIGURATION}-output-files.xcfilelist",
			);
			runOnlyForDeploymentPostprocessing = 0;
			shellPath = /bin/sh;
			shellScript = "\"${PODS_ROOT}/Target Support Files/Pods-NasaImages/Pods-NasaImages-frameworks.sh\"\n";
			showEnvVarsInLog = 0;
		};
/* End PBXShellScriptBuildPhase section */

/* Begin PBXSourcesBuildPhase section */
		6121F8E226B7462300A1133D /* Sources */ = {
			isa = PBXSourcesBuildPhase;
			buildActionMask = 2147483647;
			files = (
				6152B96926B92AC00084D41D /* ImageCache.swift in Sources */,
				6152B94F26B929E50084D41D /* RootViewController.swift in Sources */,
				6152B97526B92BA10084D41D /* RequestManager.swift in Sources */,
				6121F8EA26B7462300A1133D /* AppDelegate.swift in Sources */,
				6152B95A26B92A1B0084D41D /* UISearchBar+SetBackgroundColor.swift in Sources */,
				6152B96726B92AB70084D41D /* ThemeColors.swift in Sources */,
				6152B97126B92B1B0084D41D /* Image.swift in Sources */,
				6152B95C26B92A440084D41D /* ImagesSearchBarController.swift in Sources */,
				6121F8EC26B7462300A1133D /* SceneDelegate.swift in Sources */,
				6152B96E26B92AE20084D41D /* ImageViewController.swift in Sources */,
				6152B96626B92AB70084D41D /* UIColor+hexStringToUIColor.swift in Sources */,
				6152B97426B92BA10084D41D /* NetworkConstants.swift in Sources */,
				6152B95526B92A060084D41D /* ImagesCollectionViewController.swift in Sources */,
				6152B95826B92A060084D41D /* ImagesCollectionViewCell.swift in Sources */,
			);
			runOnlyForDeploymentPostprocessing = 0;
		};
/* End PBXSourcesBuildPhase section */

/* Begin PBXVariantGroup section */
		6121F8F426B7462700A1133D /* LaunchScreen.storyboard */ = {
			isa = PBXVariantGroup;
			children = (
				6121F8F526B7462700A1133D /* Base */,
			);
			name = LaunchScreen.storyboard;
			sourceTree = "<group>";
		};
/* End PBXVariantGroup section */

/* Begin XCBuildConfiguration section */
		6121F8F826B7462700A1133D /* Debug */ = {
			isa = XCBuildConfiguration;
			buildSettings = {
				ALWAYS_SEARCH_USER_PATHS = NO;
				CLANG_ANALYZER_NONNULL = YES;
				CLANG_ANALYZER_NUMBER_OBJECT_CONVERSION = YES_AGGRESSIVE;
				CLANG_CXX_LANGUAGE_STANDARD = "gnu++14";
				CLANG_CXX_LIBRARY = "libc++";
				CLANG_ENABLE_MODULES = YES;
				CLANG_ENABLE_OBJC_ARC = YES;
				CLANG_ENABLE_OBJC_WEAK = YES;
				CLANG_WARN_BLOCK_CAPTURE_AUTORELEASING = YES;
				CLANG_WARN_BOOL_CONVERSION = YES;
				CLANG_WARN_COMMA = YES;
				CLANG_WARN_CONSTANT_CONVERSION = YES;
				CLANG_WARN_DEPRECATED_OBJC_IMPLEMENTATIONS = YES;
				CLANG_WARN_DIRECT_OBJC_ISA_USAGE = YES_ERROR;
				CLANG_WARN_DOCUMENTATION_COMMENTS = YES;
				CLANG_WARN_EMPTY_BODY = YES;
				CLANG_WARN_ENUM_CONVERSION = YES;
				CLANG_WARN_INFINITE_RECURSION = YES;
				CLANG_WARN_INT_CONVERSION = YES;
				CLANG_WARN_NON_LITERAL_NULL_CONVERSION = YES;
				CLANG_WARN_OBJC_IMPLICIT_RETAIN_SELF = YES;
				CLANG_WARN_OBJC_LITERAL_CONVERSION = YES;
				CLANG_WARN_OBJC_ROOT_CLASS = YES_ERROR;
				CLANG_WARN_QUOTED_INCLUDE_IN_FRAMEWORK_HEADER = YES;
				CLANG_WARN_RANGE_LOOP_ANALYSIS = YES;
				CLANG_WARN_STRICT_PROTOTYPES = YES;
				CLANG_WARN_SUSPICIOUS_MOVE = YES;
				CLANG_WARN_UNGUARDED_AVAILABILITY = YES_AGGRESSIVE;
				CLANG_WARN_UNREACHABLE_CODE = YES;
				CLANG_WARN__DUPLICATE_METHOD_MATCH = YES;
				COPY_PHASE_STRIP = NO;
				DEBUG_INFORMATION_FORMAT = dwarf;
				ENABLE_STRICT_OBJC_MSGSEND = YES;
				ENABLE_TESTABILITY = YES;
				GCC_C_LANGUAGE_STANDARD = gnu11;
				GCC_DYNAMIC_NO_PIC = NO;
				GCC_NO_COMMON_BLOCKS = YES;
				GCC_OPTIMIZATION_LEVEL = 0;
				GCC_PREPROCESSOR_DEFINITIONS = (
					"DEBUG=1",
					"$(inherited)",
				);
				GCC_WARN_64_TO_32_BIT_CONVERSION = YES;
				GCC_WARN_ABOUT_RETURN_TYPE = YES_ERROR;
				GCC_WARN_UNDECLARED_SELECTOR = YES;
				GCC_WARN_UNINITIALIZED_AUTOS = YES_AGGRESSIVE;
				GCC_WARN_UNUSED_FUNCTION = YES;
				GCC_WARN_UNUSED_VARIABLE = YES;
				IPHONEOS_DEPLOYMENT_TARGET = 14.5;
				MTL_ENABLE_DEBUG_INFO = INCLUDE_SOURCE;
				MTL_FAST_MATH = YES;
				ONLY_ACTIVE_ARCH = YES;
				SDKROOT = iphoneos;
				SWIFT_ACTIVE_COMPILATION_CONDITIONS = DEBUG;
				SWIFT_OPTIMIZATION_LEVEL = "-Onone";
			};
			name = Debug;
		};
		6121F8F926B7462700A1133D /* Release */ = {
			isa = XCBuildConfiguration;
			buildSettings = {
				ALWAYS_SEARCH_USER_PATHS = NO;
				CLANG_ANALYZER_NONNULL = YES;
				CLANG_ANALYZER_NUMBER_OBJECT_CONVERSION = YES_AGGRESSIVE;
				CLANG_CXX_LANGUAGE_STANDARD = "gnu++14";
				CLANG_CXX_LIBRARY = "libc++";
				CLANG_ENABLE_MODULES = YES;
				CLANG_ENABLE_OBJC_ARC = YES;
				CLANG_ENABLE_OBJC_WEAK = YES;
				CLANG_WARN_BLOCK_CAPTURE_AUTORELEASING = YES;
				CLANG_WARN_BOOL_CONVERSION = YES;
				CLANG_WARN_COMMA = YES;
				CLANG_WARN_CONSTANT_CONVERSION = YES;
				CLANG_WARN_DEPRECATED_OBJC_IMPLEMENTATIONS = YES;
				CLANG_WARN_DIRECT_OBJC_ISA_USAGE = YES_ERROR;
				CLANG_WARN_DOCUMENTATION_COMMENTS = YES;
				CLANG_WARN_EMPTY_BODY = YES;
				CLANG_WARN_ENUM_CONVERSION = YES;
				CLANG_WARN_INFINITE_RECURSION = YES;
				CLANG_WARN_INT_CONVERSION = YES;
				CLANG_WARN_NON_LITERAL_NULL_CONVERSION = YES;
				CLANG_WARN_OBJC_IMPLICIT_RETAIN_SELF = YES;
				CLANG_WARN_OBJC_LITERAL_CONVERSION = YES;
				CLANG_WARN_OBJC_ROOT_CLASS = YES_ERROR;
				CLANG_WARN_QUOTED_INCLUDE_IN_FRAMEWORK_HEADER = YES;
				CLANG_WARN_RANGE_LOOP_ANALYSIS = YES;
				CLANG_WARN_STRICT_PROTOTYPES = YES;
				CLANG_WARN_SUSPICIOUS_MOVE = YES;
				CLANG_WARN_UNGUARDED_AVAILABILITY = YES_AGGRESSIVE;
				CLANG_WARN_UNREACHABLE_CODE = YES;
				CLANG_WARN__DUPLICATE_METHOD_MATCH = YES;
				COPY_PHASE_STRIP = NO;
				DEBUG_INFORMATION_FORMAT = "dwarf-with-dsym";
				ENABLE_NS_ASSERTIONS = NO;
				ENABLE_STRICT_OBJC_MSGSEND = YES;
				GCC_C_LANGUAGE_STANDARD = gnu11;
				GCC_NO_COMMON_BLOCKS = YES;
				GCC_WARN_64_TO_32_BIT_CONVERSION = YES;
				GCC_WARN_ABOUT_RETURN_TYPE = YES_ERROR;
				GCC_WARN_UNDECLARED_SELECTOR = YES;
				GCC_WARN_UNINITIALIZED_AUTOS = YES_AGGRESSIVE;
				GCC_WARN_UNUSED_FUNCTION = YES;
				GCC_WARN_UNUSED_VARIABLE = YES;
				IPHONEOS_DEPLOYMENT_TARGET = 14.5;
				MTL_ENABLE_DEBUG_INFO = NO;
				MTL_FAST_MATH = YES;
				SDKROOT = iphoneos;
				SWIFT_COMPILATION_MODE = wholemodule;
				SWIFT_OPTIMIZATION_LEVEL = "-O";
				VALIDATE_PRODUCT = YES;
			};
			name = Release;
		};
		6121F8FB26B7462700A1133D /* Debug */ = {
			isa = XCBuildConfiguration;
			baseConfigurationReference = BF0DB93A08ADBBA629ECFE30 /* Pods-NasaImages.debug.xcconfig */;
			buildSettings = {
				ASSETCATALOG_COMPILER_APPICON_NAME = AppIcon;
				ASSETCATALOG_COMPILER_GLOBAL_ACCENT_COLOR_NAME = AccentColor;
				CODE_SIGN_STYLE = Automatic;
				DEVELOPMENT_TEAM = 94MR97XKK3;
				INFOPLIST_FILE = NasaImages/Info.plist;
				LD_RUNPATH_SEARCH_PATHS = (
					"$(inherited)",
					"@executable_path/Frameworks",
				);
				PRODUCT_BUNDLE_IDENTIFIER = AustinVigo.NasaImages;
				PRODUCT_NAME = "$(TARGET_NAME)";
				SWIFT_VERSION = 5.0;
				TARGETED_DEVICE_FAMILY = "1,2";
			};
			name = Debug;
		};
		6121F8FC26B7462700A1133D /* Release */ = {
			isa = XCBuildConfiguration;
			baseConfigurationReference = 7C3A535FE2E4B26DFB9FD60A /* Pods-NasaImages.release.xcconfig */;
			buildSettings = {
				ASSETCATALOG_COMPILER_APPICON_NAME = AppIcon;
				ASSETCATALOG_COMPILER_GLOBAL_ACCENT_COLOR_NAME = AccentColor;
				CODE_SIGN_STYLE = Automatic;
				DEVELOPMENT_TEAM = 94MR97XKK3;
				INFOPLIST_FILE = NasaImages/Info.plist;
				LD_RUNPATH_SEARCH_PATHS = (
					"$(inherited)",
					"@executable_path/Frameworks",
				);
				PRODUCT_BUNDLE_IDENTIFIER = AustinVigo.NasaImages;
				PRODUCT_NAME = "$(TARGET_NAME)";
				SWIFT_VERSION = 5.0;
				TARGETED_DEVICE_FAMILY = "1,2";
			};
			name = Release;
		};
/* End XCBuildConfiguration section */

/* Begin XCConfigurationList section */
		6121F8E126B7462300A1133D /* Build configuration list for PBXProject "NasaImages" */ = {
			isa = XCConfigurationList;
			buildConfigurations = (
				6121F8F826B7462700A1133D /* Debug */,
				6121F8F926B7462700A1133D /* Release */,
			);
			defaultConfigurationIsVisible = 0;
			defaultConfigurationName = Release;
		};
		6121F8FA26B7462700A1133D /* Build configuration list for PBXNativeTarget "NasaImages" */ = {
			isa = XCConfigurationList;
			buildConfigurations = (
				6121F8FB26B7462700A1133D /* Debug */,
				6121F8FC26B7462700A1133D /* Release */,
			);
			defaultConfigurationIsVisible = 0;
			defaultConfigurationName = Release;
		};
/* End XCConfigurationList section */
	};
	rootObject = 6121F8DE26B7462300A1133D /* Project object */;
}
